{
  "name": "threejs",
  "version": "1.0.0",
  "lockfileVersion": 1,
  "requires": true,
  "dependencies": {
    "add-event-listener": {
      "version": "0.0.1",
      "resolved": "https://registry.npmjs.org/add-event-listener/-/add-event-listener-0.0.1.tgz",
      "integrity": "sha1-p2Ip68ZMiu+uIEoWJzovJVq+otA="
    },
    "canvas-app": {
      "version": "2.4.1",
      "resolved": "https://registry.npmjs.org/canvas-app/-/canvas-app-2.4.1.tgz",
      "integrity": "sha1-STzb2AjNYt6d729P0YFZLamn5fQ=",
      "requires": {
        "add-event-listener": "0.0.1",
        "debounce": "1.1.0",
        "is-webgl-context": "1.1.0",
        "webgl-context": "1.2.1"
      }
    },
    "canvas-testbed": {
      "version": "1.0.4",
      "resolved": "https://registry.npmjs.org/canvas-testbed/-/canvas-testbed-1.0.4.tgz",
      "integrity": "sha1-1v2wjeRmqTc6yCoWpvnM+rtvkrE=",
      "requires": {
        "canvas-app": "2.4.1",
        "domready": "1.0.8",
        "raf.js": "0.0.4"
      }
    },
    "debounce": {
      "version": "1.1.0",
      "resolved": "https://registry.npmjs.org/debounce/-/debounce-1.1.0.tgz",
      "integrity": "sha512-ZQVKfRVlwRfD150ndzEK8M90ABT+Y/JQKs4Y7U4MXdpuoUkkrr4DwKbVux3YjylA5bUMUj0Nc3pMxPJX6N2QQQ=="
    },
    "domready": {
      "version": "1.0.8",
      "resolved": "https://registry.npmjs.org/domready/-/domready-1.0.8.tgz",
      "integrity": "sha1-kfJS5Ze2Wvd+dFriTdAYXV4m1Yw="
    },
    "is-webgl-context": {
      "version": "1.1.0",
      "resolved": "https://registry.npmjs.org/is-webgl-context/-/is-webgl-context-1.1.0.tgz",
      "integrity": "sha1-DuzQ72tjxmz0fKu84uLKO8FH71M="
    },
    "raf.js": {
      "version": "0.0.4",
      "resolved": "https://registry.npmjs.org/raf.js/-/raf.js-0.0.4.tgz",
      "integrity": "sha1-8Vr0RdJBsn+nExpXRQtn75xAL+w="
    },
    "three": {
      "version": "0.88.0",
      "resolved": "https://registry.npmjs.org/three/-/three-0.88.0.tgz",
      "integrity": "sha1-QlbC/Djk+yOg0j66K2zOTfjkZtU="
    },
    "three-orbit-controls": {
      "version": "82.1.0",
      "resolved": "https://registry.npmjs.org/three-orbit-controls/-/three-orbit-controls-82.1.0.tgz",
      "integrity": "sha1-EafzPQog7OyY8Jizd4D2U3N0+rQ="
    },
    "webgl-context": {
      "version": "1.2.1",
      "resolved": "https://registry.npmjs.org/webgl-context/-/webgl-context-1.2.1.tgz",
      "integrity": "sha1-irll7R8AajK4Z0H4vs0N7TKtUmw="
    }
  }
}
